{
  "name": "2bored2wait",
  "version": "1.0.0",
  "lockfileVersion": 1,
  "requires": true,
  "dependencies": {
    "ajv": {
      "version": "6.10.0",
      "resolved": "https://registry.npmjs.org/ajv/-/ajv-6.10.0.tgz",
      "integrity": "sha512-nffhOpkymDECQyR0mnsUtoCE8RlX38G0rYP+wgLWFyZuUyuuojSSvi/+euOiQBIn63whYwYVIIH1TvE3tu4OEg==",
      "requires": {
        "fast-deep-equal": "^2.0.1",
        "fast-json-stable-stringify": "^2.0.0",
        "json-schema-traverse": "^0.4.1",
        "uri-js": "^4.2.2"
      }
    },
    "asn1": {
      "version": "0.2.3",
      "resolved": "https://registry.npmjs.org/asn1/-/asn1-0.2.3.tgz",
      "integrity": "sha1-2sh4dxPJlmhJ/IGAd36+nB3fO4Y="
    },
    "buffer-equal": {
      "version": "1.0.0",
      "resolved": "https://registry.npmjs.org/buffer-equal/-/buffer-equal-1.0.0.tgz",
      "integrity": "sha1-WWFrSYME1Var1GaWayLu2j7KX74="
    },
    "debug": {
      "version": "4.1.1",
      "resolved": "https://registry.npmjs.org/debug/-/debug-4.1.1.tgz",
      "integrity": "sha512-pYAIzeRo8J6KPEaJ0VWOh5Pzkbw/RetuzehGM7QRRX5he4fPHx2rdKMB256ehJCkX+XRQm16eZLqLNS8RSZXZw==",
      "requires": {
        "ms": "^2.1.1"
      }
    },
    "endian-toggle": {
      "version": "0.0.0",
      "resolved": "https://registry.npmjs.org/endian-toggle/-/endian-toggle-0.0.0.tgz",
      "integrity": "sha1-5cx1eLEDLW7gHq/Nc3ZdsNtNwKY="
    },
    "fast-deep-equal": {
      "version": "2.0.1",
      "resolved": "https://registry.npmjs.org/fast-deep-equal/-/fast-deep-equal-2.0.1.tgz",
      "integrity": "sha1-ewUhjd+WZ79/Nwv3/bLLFf3Qqkk="
    },
    "fast-json-stable-stringify": {
      "version": "2.0.0",
      "resolved": "https://registry.npmjs.org/fast-json-stable-stringify/-/fast-json-stable-stringify-2.0.0.tgz",
      "integrity": "sha1-1RQsDK7msRifh9OnYREGT4bIu/I="
    },
    "inherits": {
      "version": "2.0.3",
      "resolved": "https://registry.npmjs.org/inherits/-/inherits-2.0.3.tgz",
      "integrity": "sha1-Yzwsg+PaQqUC9SRmAiSA9CCCYd4="
    },
    "is-wsl": {
      "version": "1.1.0",
      "resolved": "https://registry.npmjs.org/is-wsl/-/is-wsl-1.1.0.tgz",
      "integrity": "sha1-HxbkqiKwTRM2tmGIpmrzxgDDpm0="
    },
    "json-schema-traverse": {
      "version": "0.4.1",
      "resolved": "https://registry.npmjs.org/json-schema-traverse/-/json-schema-traverse-0.4.1.tgz",
      "integrity": "sha512-xbbCH5dCYU5T8LcEhhuh7HJ88HXuW3qsI3Y0zOZFKfZEHcpWiHU/Jxzk629Brsab/mMiHQti9wMP+845RPe3Vg=="
    },
    "lodash.get": {
      "version": "4.4.2",
      "resolved": "https://registry.npmjs.org/lodash.get/-/lodash.get-4.4.2.tgz",
      "integrity": "sha1-LRd/ZS+jHpObRDjVNBSZ36OCXpk="
    },
    "lodash.merge": {
      "version": "4.6.1",
      "resolved": "https://registry.npmjs.org/lodash.merge/-/lodash.merge-4.6.1.tgz",
      "integrity": "sha512-AOYza4+Hf5z1/0Hztxpm2/xiPZgi/cjMqdnKTUWTBSKchJlxXXuUSxCCl8rJlf4g6yww/j6mA8nC8Hw/EZWxKQ=="
    },
    "lodash.reduce": {
      "version": "4.6.0",
      "resolved": "https://registry.npmjs.org/lodash.reduce/-/lodash.reduce-4.6.0.tgz",
      "integrity": "sha1-8atrg5KZrUj3hKu/R2WW8DuRTTs="
    },
    "macaddress": {
      "version": "0.2.9",
      "resolved": "https://registry.npmjs.org/macaddress/-/macaddress-0.2.9.tgz",
      "integrity": "sha512-k4F1JUof6cQXxNFzx3thLby4oJzXTXQueAOOts944Vqizn+Rjc2QNFenT9FJSLU1CH3PmrHRSyZs2E+Cqw+P2w=="
    },
    "minecraft-data": {
      "version": "2.36.0",
      "resolved": "https://registry.npmjs.org/minecraft-data/-/minecraft-data-2.36.0.tgz",
      "integrity": "sha512-aFGoIxgZtnCfF+eSU3Lh0qabH8vOdWiOE2HigO+BBkOSXHeoM3/yo1Gl4To2/asifX4ziWyOeWFx/NcGpuaYUQ=="
    },
    "minecraft-protocol": {
      "version": "1.8.3",
      "resolved": "https://registry.npmjs.org/minecraft-protocol/-/minecraft-protocol-1.8.3.tgz",
      "integrity": "sha512-y7c4aADZwabpx0Ub+D2tFc4VHLLO0aKp5AsaQY37ho6pE5RkVbdaDV/s6k4D274Fku94dBWiuBltjwj4CFsvTg==",
      "requires": {
        "buffer-equal": "^1.0.0",
        "debug": "^4.1.0",
        "endian-toggle": "^0.0.0",
        "lodash.get": "^4.1.2",
        "lodash.merge": "^4.3.0",
        "minecraft-data": "^2.34.0",
        "node-rsa": "^0.4.2",
        "prismarine-nbt": "^1.2.0",
        "protodef": "^1.6.7",
        "readable-stream": "^3.0.6",
        "uuid-1345": "^0.99.6",
        "yggdrasil": "^1.1.1"
      }
    },
    "ms": {
      "version": "2.1.1",
      "resolved": "https://registry.npmjs.org/ms/-/ms-2.1.1.tgz",
      "integrity": "sha512-tgp+dl5cGk28utYktBsrFqA7HKgrhgPsg6Z/EfhWI4gl1Hwq8B/GmY/0oXZ6nF8hDVesS/FpnYaD/kOWhYQvyg=="
    },
    "node-rsa": {
      "version": "0.4.2",
      "resolved": "https://registry.npmjs.org/node-rsa/-/node-rsa-0.4.2.tgz",
      "integrity": "sha1-1jkXKewWqDDtWjgEKzFX0tXXJTA=",
      "requires": {
        "asn1": "0.2.3"
      }
    },
    "opn": {
      "version": "6.0.0",
      "resolved": "https://registry.npmjs.org/opn/-/opn-6.0.0.tgz",
      "integrity": "sha512-I9PKfIZC+e4RXZ/qr1RhgyCnGgYX0UEIlXgWnCOVACIvFgaC9rz6Won7xbdhoHrd8IIhV7YEpHjreNUNkqCGkQ==",
      "requires": {
        "is-wsl": "^1.1.0"
      }
    },
    "phin": {
      "version": "2.9.3",
      "resolved": "https://registry.npmjs.org/phin/-/phin-2.9.3.tgz",
      "integrity": "sha512-CzFr90qM24ju5f88quFC/6qohjC144rehe5n6DH900lgXmUe86+xCKc10ev56gRKC4/BkHUoG4uSiQgBiIXwDA=="
    },
    "prismarine-nbt": {
      "version": "1.2.1",
      "resolved": "https://registry.npmjs.org/prismarine-nbt/-/prismarine-nbt-1.2.1.tgz",
      "integrity": "sha512-E2bBd2XzmcynT67zrkucgrC2MIgjmUtUathJ9sfjTswT+ou+7kbHbbLHO3nHLb6TKGiWFH79OfUmBTHJFULpbw==",
      "requires": {
        "protodef": "^1.2.1"
      }
    },
    "protodef": {
      "version": "1.6.9",
      "resolved": "https://registry.npmjs.org/protodef/-/protodef-1.6.9.tgz",
      "integrity": "sha512-evAmLjdHgQ3B+wYyCgEijQxSBW049psaXCQlvg6PeJGhgTGEcMrn3M7idHbYvpGNKVIqwnIx8dpFpz1CJNm1wQ==",
      "requires": {
        "lodash.get": "^4.4.2",
        "lodash.reduce": "^4.6.0",
        "protodef-validator": "^1.2.2",
        "readable-stream": "^3.0.3"
      }
    },
    "protodef-validator": {
      "version": "1.2.2",
      "resolved": "https://registry.npmjs.org/protodef-validator/-/protodef-validator-1.2.2.tgz",
      "integrity": "sha512-EnfcF1v/FGPtkwQr6SAbCM+9IoMCXlhtUVQKgeavUXoJ4FLNk3dZ0jIg/KDnTmaVgvDdHXhg1foH/qTae9vfhw==",
      "requires": {
        "ajv": "^6.5.4"
      }
    },
    "punycode": {
      "version": "2.1.1",
      "resolved": "https://registry.npmjs.org/punycode/-/punycode-2.1.1.tgz",
      "integrity": "sha512-XRsRjdf+j5ml+y/6GKHPZbrF/8p2Yga0JPtdqTIY2Xe5ohJPD9saDJJLPvp9+NSBprVvevdXZybnj2cv8OEd0A=="
    },
    "readable-stream": {
      "version": "3.3.0",
      "resolved": "https://registry.npmjs.org/readable-stream/-/readable-stream-3.3.0.tgz",
      "integrity": "sha512-EsI+s3k3XsW+fU8fQACLN59ky34AZ14LoeVZpYwmZvldCFo0r0gnelwF2TcMjLor/BTL5aDJVBMkss0dthToPw==",
      "requires": {
        "inherits": "^2.0.3",
        "string_decoder": "^1.1.1",
        "util-deprecate": "^1.0.1"
      }
    },
    "safe-buffer": {
      "version": "5.1.2",
      "resolved": "https://registry.npmjs.org/safe-buffer/-/safe-buffer-5.1.2.tgz",
      "integrity": "sha512-Gd2UZBJDkXlY7GbJxfsE8/nvKkUEU1G38c1siN6QP6a9PT9MmHB8GnpscSmMJSoF8LOIrt8ud/wPtojys4G6+g=="
    },
    "string_decoder": {
      "version": "1.2.0",
      "resolved": "https://registry.npmjs.org/string_decoder/-/string_decoder-1.2.0.tgz",
      "integrity": "sha512-6YqyX6ZWEYguAxgZzHGL7SsCeGx3V2TtOTqZz1xSTSWnqsbWwbptafNyvf/ACquZUXV3DANr5BDIwNYe1mN42w==",
      "requires": {
        "safe-buffer": "~5.1.0"
      }
    },
    "uri-js": {
      "version": "4.2.2",
      "resolved": "https://registry.npmjs.org/uri-js/-/uri-js-4.2.2.tgz",
      "integrity": "sha512-KY9Frmirql91X2Qgjry0Wd4Y+YTdrdZheS8TFwvkbLWf/G5KNJDCh6pKL5OZctEW4+0Baa5idK2ZQuELRwPznQ==",
      "requires": {
        "punycode": "^2.1.0"
      }
    },
    "util-deprecate": {
      "version": "1.0.2",
      "resolved": "https://registry.npmjs.org/util-deprecate/-/util-deprecate-1.0.2.tgz",
      "integrity": "sha1-RQ1Nyfpw3nMnYvvS1KKJgUGaDM8="
    },
    "uuid": {
      "version": "3.3.2",
      "resolved": "https://registry.npmjs.org/uuid/-/uuid-3.3.2.tgz",
      "integrity": "sha512-yXJmeNaw3DnnKAOKJE51sL/ZaYfWJRl1pK9dr19YFCu0ObS231AB1/LbqTKRAQ5kw8A90rA6fr4riOUpTZvQZA=="
    },
    "uuid-1345": {
      "version": "0.99.7",
      "resolved": "https://registry.npmjs.org/uuid-1345/-/uuid-1345-0.99.7.tgz",
      "integrity": "sha512-A70cwvqH95zULri1/t00/r6Bd97hKpNvS9SoSLP9Bupn95sX/01JkOuH9YjJrmNul7ZAjyX3Y3ZMlDrCjuoNPQ==",
      "requires": {
        "macaddress": "^0.2.9"
      }
    },
    "yggdrasil": {
      "version": "1.1.1",
      "resolved": "https://registry.npmjs.org/yggdrasil/-/yggdrasil-1.1.1.tgz",
      "integrity": "sha1-dbNIjfayr0kAmohX8+Xc7uDDpeQ=",
      "requires": {
        "phin": "^2.2.1",
        "uuid": "^3.1.0"
      }
    }
  }
}
